
Microsoft Visual Studio Solution File, Format Version 12.00
# Visual Studio Version 17
VisualStudioVersion = 17.14.36518.9 d17.14
MinimumVisualStudioVersion = 10.0.40219.1
Project("{FAE04EC0-301F-11D3-BF4B-00C04F79EFBC}") = "Lab6_CG", "Lab6_CG.csproj", "{58F8DD1D-7343-4A71-91F1-211FBB5E3D5B}"
EndProject
Global
	GlobalSection(SolutionConfigurationPlatforms) = preSolution
		Debug|Any CPU = Debug|Any CPU
		Release|Any CPU = Release|Any CPU
	EndGlobalSection
	GlobalSection(ProjectConfigurationPlatforms) = postSolution
		{58F8DD1D-7343-4A71-91F1-211FBB5E3D5B}.Debug|Any CPU.ActiveCfg = Debug|Any CPU
		{58F8DD1D-7343-4A71-91F1-211FBB5E3D5B}.Debug|Any CPU.Build.0 = Debug|Any CPU
		{58F8DD1D-7343-4A71-91F1-211FBB5E3D5B}.Release|Any CPU.ActiveCfg = Release|Any CPU
		{58F8DD1D-7343-4A71-91F1-211FBB5E3D5B}.Release|Any CPU.Build.0 = Release|Any CPU
	EndGlobalSection
	GlobalSection(SolutionProperties) = preSolution
		HideSolutionNode = FALSE
	EndGlobalSection
	GlobalSection(ExtensibilityGlobals) = postSolution
		SolutionGuid = {623F9651-3516-4AF8-96E6-EDB33B2C8680}
	EndGlobalSection
EndGlobal
