
Microsoft Visual Studio Solution File, Format Version 12.00
# Visual Studio Version 17
VisualStudioVersion = 17.9.34607.119
MinimumVisualStudioVersion = 10.0.40219.1
Project("{FAE04EC0-301F-11D3-BF4B-00C04F79EFBC}") = "Lab3_CG", "Lab3_CG\Lab3_CG.csproj", "{3424DBCF-132D-4718-9013-9454EB24AABE}"
EndProject
Global
	GlobalSection(SolutionConfigurationPlatforms) = preSolution
		Debug|Any CPU = Debug|Any CPU
		Release|Any CPU = Release|Any CPU
	EndGlobalSection
	GlobalSection(ProjectConfigurationPlatforms) = postSolution
		{3424DBCF-132D-4718-9013-9454EB24AABE}.Debug|Any CPU.ActiveCfg = Debug|Any CPU
		{3424DBCF-132D-4718-9013-9454EB24AABE}.Debug|Any CPU.Build.0 = Debug|Any CPU
		{3424DBCF-132D-4718-9013-9454EB24AABE}.Release|Any CPU.ActiveCfg = Release|Any CPU
		{3424DBCF-132D-4718-9013-9454EB24AABE}.Release|Any CPU.Build.0 = Release|Any CPU
	EndGlobalSection
	GlobalSection(SolutionProperties) = preSolution
		HideSolutionNode = FALSE
	EndGlobalSection
	GlobalSection(ExtensibilityGlobals) = postSolution
		SolutionGuid = {BCE2088F-4437-4416-8DBF-19504006A7A3}
	EndGlobalSection
EndGlobal
